
Microsoft Visual Studio Solution File, Format Version 12.00
# Visual Studio Version 17
VisualStudioVersion = 17.5.002.0
MinimumVisualStudioVersion = 10.0.40219.1
Project("{9A19103F-16F7-4668-BE54-9A1E7A4F7556}") = "Fermaloc.Api", "Fermaloc.Api\Fermaloc.Api.csproj", "{8CD1D24B-6E4D-40A8-8B36-ABB09D62598B}"
EndProject
Project("{FAE04EC0-301F-11D3-BF4B-00C04F79EFBC}") = "Fermaloc.Infra.Data", "Fermaloc.Infra.Data\Fermaloc.Infra.Data.csproj", "{D0DB9CA9-6B1A-43DF-B82C-2AF0473601A7}"
EndProject
Project("{FAE04EC0-301F-11D3-BF4B-00C04F79EFBC}") = "Fermaloc.Infra.IoC", "Fermaloc.Infra.IoC\Fermaloc.Infra.IoC.csproj", "{F7AA25A0-91B7-4CD7-98A1-12A3C4962022}"
EndProject
Project("{FAE04EC0-301F-11D3-BF4B-00C04F79EFBC}") = "Fermaloc.Application", "Fermaloc.Application\Fermaloc.Application.csproj", "{2E1D10A6-455B-4141-B49E-27BC7CC6BDBB}"
EndProject
Project("{FAE04EC0-301F-11D3-BF4B-00C04F79EFBC}") = "Fermaloc.Domain", "Fermaloc.Domain\Fermaloc.Domain.csproj", "{AB936E70-8C1A-402D-BBEF-B0616CC3C1A0}"
EndProject
Project("{FAE04EC0-301F-11D3-BF4B-00C04F79EFBC}") = "Fermaloc.Infra.Tests", "Fermaloc.Infra.Tests\Fermaloc.Infra.Tests.csproj", "{91F43B0B-2158-4390-A40E-8B6F987CD0C9}"
EndProject
Global
	GlobalSection(SolutionConfigurationPlatforms) = preSolution
		Debug|Any CPU = Debug|Any CPU
		Release|Any CPU = Release|Any CPU
	EndGlobalSection
	GlobalSection(ProjectConfigurationPlatforms) = postSolution
		{8CD1D24B-6E4D-40A8-8B36-ABB09D62598B}.Debug|Any CPU.ActiveCfg = Debug|Any CPU
		{8CD1D24B-6E4D-40A8-8B36-ABB09D62598B}.Debug|Any CPU.Build.0 = Debug|Any CPU
		{8CD1D24B-6E4D-40A8-8B36-ABB09D62598B}.Release|Any CPU.ActiveCfg = Release|Any CPU
		{8CD1D24B-6E4D-40A8-8B36-ABB09D62598B}.Release|Any CPU.Build.0 = Release|Any CPU
		{D0DB9CA9-6B1A-43DF-B82C-2AF0473601A7}.Debug|Any CPU.ActiveCfg = Debug|Any CPU
		{D0DB9CA9-6B1A-43DF-B82C-2AF0473601A7}.Debug|Any CPU.Build.0 = Debug|Any CPU
		{D0DB9CA9-6B1A-43DF-B82C-2AF0473601A7}.Release|Any CPU.ActiveCfg = Release|Any CPU
		{D0DB9CA9-6B1A-43DF-B82C-2AF0473601A7}.Release|Any CPU.Build.0 = Release|Any CPU
		{F7AA25A0-91B7-4CD7-98A1-12A3C4962022}.Debug|Any CPU.ActiveCfg = Debug|Any CPU
		{F7AA25A0-91B7-4CD7-98A1-12A3C4962022}.Debug|Any CPU.Build.0 = Debug|Any CPU
		{F7AA25A0-91B7-4CD7-98A1-12A3C4962022}.Release|Any CPU.ActiveCfg = Release|Any CPU
		{F7AA25A0-91B7-4CD7-98A1-12A3C4962022}.Release|Any CPU.Build.0 = Release|Any CPU
		{2E1D10A6-455B-4141-B49E-27BC7CC6BDBB}.Debug|Any CPU.ActiveCfg = Debug|Any CPU
		{2E1D10A6-455B-4141-B49E-27BC7CC6BDBB}.Debug|Any CPU.Build.0 = Debug|Any CPU
		{2E1D10A6-455B-4141-B49E-27BC7CC6BDBB}.Release|Any CPU.ActiveCfg = Release|Any CPU
		{2E1D10A6-455B-4141-B49E-27BC7CC6BDBB}.Release|Any CPU.Build.0 = Release|Any CPU
		{AB936E70-8C1A-402D-BBEF-B0616CC3C1A0}.Debug|Any CPU.ActiveCfg = Debug|Any CPU
		{AB936E70-8C1A-402D-BBEF-B0616CC3C1A0}.Debug|Any CPU.Build.0 = Debug|Any CPU
		{AB936E70-8C1A-402D-BBEF-B0616CC3C1A0}.Release|Any CPU.ActiveCfg = Release|Any CPU
		{AB936E70-8C1A-402D-BBEF-B0616CC3C1A0}.Release|Any CPU.Build.0 = Release|Any CPU
		{91F43B0B-2158-4390-A40E-8B6F987CD0C9}.Debug|Any CPU.ActiveCfg = Debug|Any CPU
		{91F43B0B-2158-4390-A40E-8B6F987CD0C9}.Debug|Any CPU.Build.0 = Debug|Any CPU
		{91F43B0B-2158-4390-A40E-8B6F987CD0C9}.Release|Any CPU.ActiveCfg = Release|Any CPU
		{91F43B0B-2158-4390-A40E-8B6F987CD0C9}.Release|Any CPU.Build.0 = Release|Any CPU
	EndGlobalSection
	GlobalSection(SolutionProperties) = preSolution
		HideSolutionNode = FALSE
	EndGlobalSection
	GlobalSection(ExtensibilityGlobals) = postSolution
		SolutionGuid = {881650FE-CD8E-464C-B5DB-19D521370DB9}
	EndGlobalSection
EndGlobal
